gitea.com/goftp/file-driver v0.0.0-20190711093145-380b52ab0839 h1:cxS2JogmBM0nQGBwAN0UNNPE7tmCodZQJDa5Pgsbk6M=
gitea.com/goftp/file-driver v0.0.0-20190711093145-380b52ab0839/go.mod h1:KyvK5rsqMeBnhsdNAB41B0p4w+LL6DrjAxFYmMIqpLI=
gitea.com/goftp/file-driver v0.0.0-20190712091345-f79c2ed973f8 h1:uCOouUDYTyK+Zz86dnkvDBUKnbqfqA/Fk/hxp5sXWv8=
gitea.com/goftp/file-driver v0.0.0-20190712091345-f79c2ed973f8/go.mod h1:ghdogu0Da3rwYCSJ20JPgTiMcDpzeRbzvuFIOOW3G7w=
github.com/davecgh/go-spew v1.1.0 h1:ZDRjVQ15GmhC3fiQ8ni8+OwkZQO4DARzQgrnXU1Liz8=
github.com/davecgh/go-spew v1.1.0/go.mod h1:J7Y8YcW2NihsgmVo/mv3lAwl/skON4iLHjSsI+c5H38=
github.com/goftp/file-driver v0.0.0-20180502053751-5d604a0fc0c9 h1:cC0Hbb+18DJ4i6ybqDybvj4wdIDS4vnD0QEci98PgM8=
github.com/goftp/file-driver v0.0.0-20180502053751-5d604a0fc0c9/go.mod h1:GpOj6zuVBG3Inr9qjEnuVTgBlk2lZ1S9DcoFiXWyKss=
github.com/goftp/server v0.0.0-20190304020633-eabccc535b5a h1:XTJuuzIub3zu2FgPqdFM9XFYYisXWu2hN/rFwayAIcY=
github.com/goftp/server v0.0.0-20190304020633-eabccc535b5a/go.mod h1:k/SS6VWkxY7dHPhoMQ8IdRu8L4lQtmGbhyXGg+vCnXE=
github.com/jlaffaye/ftp v0.0.0-20190624084859-c1312a7102bf h1:2IYBd5TD/maMqTU2YUzp2tJL4cNaOYQ9EBullN9t9pk=
github.com/jlaffaye/ftp v0.0.0-20190624084859-c1312a7102bf/go.mod h1:lli8NYPQOFy3O++YmYbqVgOcQ1JPCwdOy+5zSjKJ9qY=
github.com/pmezard/go-difflib v1.0.0 h1:4DBwDE0NGyQoBHbLQYPwSUPoCMWR5BEzIk/f1lZbAQM=
github.com/pmezard/go-difflib v1.0.0/go.mod h1:iKH77koFhYxTK1pcRnkKkqfTogsbg7gZNVY4sRDYZ/4=
github.com/stretchr/objx v0.1.0/go.mod h1:HFkY916IF+rwdDfMAkV7OtwuqBVzrE8GR6GFx+wExME=
github.com/stretchr/testify v1.3.0 h1:TivCn/peBQ7UY8ooIcPgZFpTNSz0Q2U6UrFlUfqbe0Q=
github.com/stretchr/testify v1.3.0/go.mod h1:M5WIy9Dh21IEIfnGCwXGc5bZfKNJtfHm1UVUgZn+9EI=
goftp.io/server v0.0.0-20190712054601-1149070ae46b/go.mod h1:xreggPYu7ZuNe9PfbxiQca7bYGwU44IvlCCg3KzWJtQ=
